
Microsoft Visual Studio Solution File, Format Version 11.00
# Visual Studio 2010
Project("{FAE04EC0-301F-11D3-BF4B-00C04F79EFBC}") = "Assembly-CSharp", "Assembly-CSharp.csproj", "{f225bd4a-5374-141e-1c63-bce00338d1e5}"
EndProject
Project("{FAE04EC0-301F-11D3-BF4B-00C04F79EFBC}") = "NavMeshComponents", "NavMeshComponents.csproj", "{a38fefa6-eb92-c538-0d82-5218f2d5ccb4}"
EndProject
Project("{FAE04EC0-301F-11D3-BF4B-00C04F79EFBC}") = "NavMeshComponentsEditor", "NavMeshComponentsEditor.csproj", "{a4393cb9-551c-eded-c48a-2d217662dddf}"
EndProject
Global
	GlobalSection(SolutionConfigurationPlatforms) = preSolution
		Debug|Any CPU = Debug|Any CPU
	EndGlobalSection
	GlobalSection(ProjectConfigurationPlatforms) = postSolution
		{f225bd4a-5374-141e-1c63-bce00338d1e5}.Debug|Any CPU.ActiveCfg = Debug|Any CPU
		{f225bd4a-5374-141e-1c63-bce00338d1e5}.Debug|Any CPU.Build.0 = Debug|Any CPU
		{a38fefa6-eb92-c538-0d82-5218f2d5ccb4}.Debug|Any CPU.ActiveCfg = Debug|Any CPU
		{a38fefa6-eb92-c538-0d82-5218f2d5ccb4}.Debug|Any CPU.Build.0 = Debug|Any CPU
		{a4393cb9-551c-eded-c48a-2d217662dddf}.Debug|Any CPU.ActiveCfg = Debug|Any CPU
		{a4393cb9-551c-eded-c48a-2d217662dddf}.Debug|Any CPU.Build.0 = Debug|Any CPU
	EndGlobalSection
	GlobalSection(SolutionProperties) = preSolution
		HideSolutionNode = FALSE
	EndGlobalSection
EndGlobal
